
Microsoft Visual Studio Solution File, Format Version 12.00
# Visual Studio Version 17
VisualStudioVersion = 17.14.36327.8
MinimumVisualStudioVersion = 10.0.40219.1
Project("{FAE04EC0-301F-11D3-BF4B-00C04F79EFBC}") = "BooksCatalog.Domain", "BooksCatalog.Domain\BooksCatalog.Domain.csproj", "{7CD78AB3-5A6B-439E-A316-BFB38B262E67}"
EndProject
Project("{FAE04EC0-301F-11D3-BF4B-00C04F79EFBC}") = "BooksCatalog.Application", "BooksCatalog.Application\BooksCatalog.Application.csproj", "{752879BD-3F9B-41F4-95E4-83FB077375D9}"
EndProject
Project("{FAE04EC0-301F-11D3-BF4B-00C04F79EFBC}") = "BooksCatalog.Infrastructure", "BooksCatalog.Infrastructure\BooksCatalog.Infrastructure.csproj", "{180E007B-84B2-4F16-A691-331FD21AF8F4}"
EndProject
Project("{FAE04EC0-301F-11D3-BF4B-00C04F79EFBC}") = "BooksCatalog.Api", "BooksCatalog.Api\src\BooksCatalog.Api\BooksCatalog.Api.csproj", "{29A14615-EDCD-4CEC-8EE9-1C6768202FE9}"
EndProject
Global
	GlobalSection(SolutionConfigurationPlatforms) = preSolution
		Debug|Any CPU = Debug|Any CPU
		Release|Any CPU = Release|Any CPU
	EndGlobalSection
	GlobalSection(ProjectConfigurationPlatforms) = postSolution
		{7CD78AB3-5A6B-439E-A316-BFB38B262E67}.Debug|Any CPU.ActiveCfg = Debug|Any CPU
		{7CD78AB3-5A6B-439E-A316-BFB38B262E67}.Debug|Any CPU.Build.0 = Debug|Any CPU
		{7CD78AB3-5A6B-439E-A316-BFB38B262E67}.Release|Any CPU.ActiveCfg = Release|Any CPU
		{7CD78AB3-5A6B-439E-A316-BFB38B262E67}.Release|Any CPU.Build.0 = Release|Any CPU
		{752879BD-3F9B-41F4-95E4-83FB077375D9}.Debug|Any CPU.ActiveCfg = Debug|Any CPU
		{752879BD-3F9B-41F4-95E4-83FB077375D9}.Debug|Any CPU.Build.0 = Debug|Any CPU
		{752879BD-3F9B-41F4-95E4-83FB077375D9}.Release|Any CPU.ActiveCfg = Release|Any CPU
		{752879BD-3F9B-41F4-95E4-83FB077375D9}.Release|Any CPU.Build.0 = Release|Any CPU
		{180E007B-84B2-4F16-A691-331FD21AF8F4}.Debug|Any CPU.ActiveCfg = Debug|Any CPU
		{180E007B-84B2-4F16-A691-331FD21AF8F4}.Debug|Any CPU.Build.0 = Debug|Any CPU
		{180E007B-84B2-4F16-A691-331FD21AF8F4}.Release|Any CPU.ActiveCfg = Release|Any CPU
		{180E007B-84B2-4F16-A691-331FD21AF8F4}.Release|Any CPU.Build.0 = Release|Any CPU
		{29A14615-EDCD-4CEC-8EE9-1C6768202FE9}.Debug|Any CPU.ActiveCfg = Debug|Any CPU
		{29A14615-EDCD-4CEC-8EE9-1C6768202FE9}.Debug|Any CPU.Build.0 = Debug|Any CPU
		{29A14615-EDCD-4CEC-8EE9-1C6768202FE9}.Release|Any CPU.ActiveCfg = Release|Any CPU
		{29A14615-EDCD-4CEC-8EE9-1C6768202FE9}.Release|Any CPU.Build.0 = Release|Any CPU
	EndGlobalSection
	GlobalSection(SolutionProperties) = preSolution
		HideSolutionNode = FALSE
	EndGlobalSection
	GlobalSection(ExtensibilityGlobals) = postSolution
		SolutionGuid = {0812A92E-6440-46CF-9D81-8B9308FAA841}
	EndGlobalSection
EndGlobal
